
Microsoft Visual Studio Solution File, Format Version 12.00
# Visual Studio Version 16
VisualStudioVersion = 16.0.31702.278
MinimumVisualStudioVersion = 10.0.40219.1
Project("{FAE04EC0-301F-11D3-BF4B-00C04F79EFBC}") = "ExperienceITBootcamp", "ExperienceITBootcamp.csproj", "{857E0F04-0B05-49F3-A8D4-489B1076726B}"
EndProject
Global
	GlobalSection(SolutionConfigurationPlatforms) = preSolution
		Debug|Any CPU = Debug|Any CPU
		Release|Any CPU = Release|Any CPU
	EndGlobalSection
	GlobalSection(ProjectConfigurationPlatforms) = postSolution
		{857E0F04-0B05-49F3-A8D4-489B1076726B}.Debug|Any CPU.ActiveCfg = Debug|Any CPU
		{857E0F04-0B05-49F3-A8D4-489B1076726B}.Debug|Any CPU.Build.0 = Debug|Any CPU
		{857E0F04-0B05-49F3-A8D4-489B1076726B}.Release|Any CPU.ActiveCfg = Release|Any CPU
		{857E0F04-0B05-49F3-A8D4-489B1076726B}.Release|Any CPU.Build.0 = Release|Any CPU
	EndGlobalSection
	GlobalSection(SolutionProperties) = preSolution
		HideSolutionNode = FALSE
	EndGlobalSection
	GlobalSection(ExtensibilityGlobals) = postSolution
		SolutionGuid = {95036C19-C28F-4084-B999-DD33E9B12C2F}
	EndGlobalSection
EndGlobal
